{
  "version": 1,
  "dependencies": {
    ".NETFramework,Version=v4.5": {
      "Microsoft.NET.Test.Sdk": {
        "type": "Direct",
        "requested": "[16.4.0, )",
        "resolved": "16.4.0",
        "contentHash": "gjjqS3rCzg4DrSQq4YwJwUUvc49HtXpXrZkW9fu5VG+K4X+Ztn4+UzolyML7wPnl/EAIufk4hu628bJB4WtpFg==",
        "dependencies": {
          "Microsoft.CodeCoverage": "16.4.0"
        }
      },
      "NUnit": {
        "type": "Direct",
        "requested": "[3.12.0, )",
        "resolved": "3.12.0",
        "contentHash": "3oJTrcUcT9wmweBUwgUf0f1XIYy6RZq2ziV+RM95HMKAJGsHPN2i3MKK1dAPvDPMRLz799Llj4eyu/STB9Q7OA=="
      },
      "NUnit3TestAdapter": {
        "type": "Direct",
        "requested": "[3.15.1, )",
        "resolved": "3.15.1",
        "contentHash": "gqy0llGjhJYq9ebFvtbmBcF/MY8z5kcTIxYs+eXwp2d4Ntha8pSPxUzryvBm7H46VbWI6FS5/XNbxwiQpe88vQ=="
      },
      "VDimensions.MSBuild.Sdk.Defaults": {
        "type": "Direct",
        "requested": "[0.3.*, )",
        "resolved": "0.3.25",
        "contentHash": "HR428NE+NuTPHbIo5YggyENvz5UYwcByFwghVYOc8NZBmXXqLT92BTfaAkr27nPZbBMDTSTAQIa9YQINlIsT9g=="
      },
      "VDimensions.MSBuild.Sdk.Multitargeting": {
        "type": "Direct",
        "requested": "[0.3.*, )",
        "resolved": "0.3.25",
        "contentHash": "CxoUK9fEuARF9GUY+g4MTXAol5sbGTfeivuZQHFUqRawACcLIuFZ6ugcD35TvtPe8WmXm5NarbAFrCaXuHsgAg==",
        "dependencies": {
          "jnm2.ReferenceAssemblies.net35": "1.0.1"
        }
      },
      "jnm2.ReferenceAssemblies.net35": {
        "type": "Transitive",
        "resolved": "1.0.1",
        "contentHash": "v0inupvZNhNKp4ZiZjOm12dj/JLLOeFmtnXRP8qTWT/3SkJknXYgUosL2HRzYeVy7fXpX3WZq76BYEGrmIFc5w=="
      },
      "Microsoft.CodeCoverage": {
        "type": "Transitive",
        "resolved": "16.4.0",
        "contentHash": "qb7PMVZMAY5iUCvB/kDUEt9xqazWKZoKY/sGpAJO4VtwgN5IcEgipCu3n0i1GPCwGbWVL6k4a8a9F+FqmADJng=="
      },
      "System.Collections.Immutable": {
        "type": "Transitive",
        "resolved": "1.7.1",
        "contentHash": "B43Zsz5EfMwyEbnObwRxW5u85fzJma3lrDeGcSAV1qkhSRTNY5uXAByTn9h9ddNdhM+4/YoLc/CI43umjwIl9Q=="
      },
      "axle.core": {
        "type": "Project",
        "dependencies": {
          "System.Collections.Immutable": "1.7.0"
        }
      },
      "axle.text.documents": {
        "type": "Project",
        "dependencies": {
          "Axle.Core": "1.10.2979.31186"
        }
      }
    }
  }
}