
Microsoft Visual Studio Solution File, Format Version 12.00
# Visual Studio Version 16
VisualStudioVersion = 16.0.29306.81
MinimumVisualStudioVersion = 10.0.40219.1
Project("{2150E333-8FDC-42A3-9474-1A3956D46DE8}") = "core", "core", "{2BAE7732-F440-4B68-8AC3-9A6B6B4198F5}"
	ProjectSection(SolutionItems) = preProject
		codebase\core\main\Axle.Core.Dependencies.targets = codebase\core\main\Axle.Core.Dependencies.targets
	EndProjectSection
EndProject
Project("{9A19103F-16F7-4668-BE54-9A1E7A4F7556}") = "Axle.Core", "codebase\core\main\src\Axle.Core.csproj", "{43919C97-BCFD-4802-95D7-76435E066962}"
EndProject
Project("{2150E333-8FDC-42A3-9474-1A3956D46DE8}") = "resources", "resources", "{ECC0AFD7-5709-4003-81DF-196F9BC3D158}"
EndProject
Project("{2150E333-8FDC-42A3-9474-1A3956D46DE8}") = "main", "main", "{766C9667-99B8-4469-9FB6-2A15025B6E25}"
EndProject
Project("{9A19103F-16F7-4668-BE54-9A1E7A4F7556}") = "Axle.Resources", "codebase\resources\main\src\Axle.Resources.csproj", "{0952B72D-9D69-4439-885F-096ED969E9E5}"
EndProject
Project("{9A19103F-16F7-4668-BE54-9A1E7A4F7556}") = "Axle.Resources.Tests", "codebase\resources\main\tests\Axle.Resources.Tests.csproj", "{CE2898DE-95CA-4476-AA7A-913353C4F6CF}"
EndProject
Project("{9A19103F-16F7-4668-BE54-9A1E7A4F7556}") = "Axle.Resources.Properties", "codebase\resources\properties\src\Axle.Resources.Properties.csproj", "{5D89911E-F70B-4C08-9659-119104318881}"
EndProject
Project("{9A19103F-16F7-4668-BE54-9A1E7A4F7556}") = "Axle.Resources.Properties.Tests", "codebase\resources\properties\tests\Axle.Resources.Properties.Tests.csproj", "{5FBB8571-DE95-4AFF-BD35-BE3D579D9BE0}"
EndProject
Project("{9A19103F-16F7-4668-BE54-9A1E7A4F7556}") = "Axle.Resources.Yaml", "codebase\resources\yaml\src\Axle.Resources.Yaml.csproj", "{F3F97266-80F8-4C54-8CBC-1D72A5042E19}"
EndProject
Project("{9A19103F-16F7-4668-BE54-9A1E7A4F7556}") = "Axle.Resources.Yaml.Tests", "codebase\resources\yaml\tests\Axle.Resources.Yaml.Tests.csproj", "{C4F31EBB-4880-4E07-AAC0-8EC65C85F56B}"
EndProject
Project("{2150E333-8FDC-42A3-9474-1A3956D46DE8}") = "security", "security", "{6706277F-4174-433D-B3F3-57E0C6E15402}"
EndProject
Project("{9A19103F-16F7-4668-BE54-9A1E7A4F7556}") = "Axle.Security.Cryptography", "codebase\security\cryptography\src\Axle.Security.Cryptography.csproj", "{AB4D08D0-AE39-4992-96DA-FDD3676E806B}"
EndProject
Project("{2150E333-8FDC-42A3-9474-1A3956D46DE8}") = "logging", "logging", "{D70A7D36-32CB-4359-8210-D3F6DEC3D04A}"
EndProject
Project("{2150E333-8FDC-42A3-9474-1A3956D46DE8}") = "log4net", "log4net", "{D233A35D-37CF-48C1-BCFB-B7A90F82D826}"
EndProject
Project("{9A19103F-16F7-4668-BE54-9A1E7A4F7556}") = "Axle.Logging.Log4net", "codebase\logging\log4net\src\Axle.Logging.Log4net.csproj", "{91679D15-77CB-4F66-8145-7085303A105F}"
EndProject
Project("{2150E333-8FDC-42A3-9474-1A3956D46DE8}") = "caching", "caching", "{13D7D1D3-733D-46E8-AFD1-D1BE3E0A1640}"
EndProject
Project("{9A19103F-16F7-4668-BE54-9A1E7A4F7556}") = "Axle.Caching", "codebase\caching\main\src\Axle.Caching.csproj", "{DF3B43F1-D3EB-4C7C-8422-B6B343629CF6}"
EndProject
Project("{2150E333-8FDC-42A3-9474-1A3956D46DE8}") = "component-model", "component-model", "{098CB474-B887-4DE9-B5E8-FD9C08E4462D}"
EndProject
Project("{2150E333-8FDC-42A3-9474-1A3956D46DE8}") = "data", "data", "{67B8EC37-9671-4762-B363-333E6ED87FFD}"
EndProject
Project("{9A19103F-16F7-4668-BE54-9A1E7A4F7556}") = "Axle.Data", "codebase\data\main\src\Axle.Data.csproj", "{1DA50E5B-0778-4E5D-8BF5-08AE4C645647}"
EndProject
Project("{9A19103F-16F7-4668-BE54-9A1E7A4F7556}") = "Axle.Data.Npgsql", "codebase\data\npgsql\src\Axle.Data.Npgsql.csproj", "{BEBAE308-F02E-479E-90A0-6D88E2D3EFD9}"
EndProject
Project("{9A19103F-16F7-4668-BE54-9A1E7A4F7556}") = "Axle.Data.Odbc", "codebase\data\odbc\src\Axle.Data.Odbc.csproj", "{5562054B-F00C-4926-806A-55DFDDD14C98}"
EndProject
Project("{9A19103F-16F7-4668-BE54-9A1E7A4F7556}") = "Axle.Data.OleDb", "codebase\data\oledb\src\Axle.Data.OleDb.csproj", "{3CFAC4A9-56FE-4036-ADB2-122F61C564EB}"
EndProject
Project("{9A19103F-16F7-4668-BE54-9A1E7A4F7556}") = "Axle.Data.SqlClient", "codebase\data\sql_client\src\Axle.Data.SqlClient.csproj", "{82EE9E10-E6CE-485F-A943-BA33E303035E}"
EndProject
Project("{9A19103F-16F7-4668-BE54-9A1E7A4F7556}") = "Axle.Data.SQLite", "codebase\data\sqlite\src\Axle.Data.SQLite.csproj", "{879FE3A1-6FF7-466D-91FA-4DB67AE5E66A}"
EndProject
Project("{2150E333-8FDC-42A3-9474-1A3956D46DE8}") = "yaml", "yaml", "{FBBEBC56-CADC-4DE3-A75B-B373C1A7382F}"
EndProject
Project("{9A19103F-16F7-4668-BE54-9A1E7A4F7556}") = "Axle.Core.Tests", "codebase\core\main\tests\Axle.Core.Tests.csproj", "{D8E36B44-60AF-4F8D-A148-F68F555876F9}"
EndProject
Project("{2150E333-8FDC-42A3-9474-1A3956D46DE8}") = "application", "application", "{6DA33AEE-E60E-440F-8591-DC3B3404754C}"
EndProject
Project("{9A19103F-16F7-4668-BE54-9A1E7A4F7556}") = "Axle.Application", "codebase\application\main\src\Axle.Application.csproj", "{101CF79E-134B-4483-8734-C9AC28F68E20}"
EndProject
Project("{9A19103F-16F7-4668-BE54-9A1E7A4F7556}") = "Axle.Application.Tests", "codebase\application\main\tests\Axle.Application.Tests.csproj", "{8EDF4429-251A-416D-BB68-93F227191BCF}"
EndProject
Project("{2150E333-8FDC-42A3-9474-1A3956D46DE8}") = "configuration", "configuration", "{ACC06ECC-9DE1-4639-BE28-0F0B716E4BA5}"
	ProjectSection(SolutionItems) = preProject
		codebase\configuration\main\Axle.Configuration.Dependencies.targets = codebase\configuration\main\Axle.Configuration.Dependencies.targets
	EndProjectSection
EndProject
Project("{9A19103F-16F7-4668-BE54-9A1E7A4F7556}") = "Axle.Data.MySql", "codebase\data\mysql\src\Axle.Data.MySql.csproj", "{25EADD2A-1F07-45AC-A4FB-8E6A3AF23BAC}"
EndProject
Project("{9A19103F-16F7-4668-BE54-9A1E7A4F7556}") = "Axle.Data.MySql.Tests", "codebase\data\mysql\tests\Axle.Data.MySql.Tests.csproj", "{0562EAB0-074F-40AD-A49D-812C80FFB316}"
EndProject
Project("{9A19103F-16F7-4668-BE54-9A1E7A4F7556}") = "Axle.Data.Npgsql.Tests", "codebase\data\npgsql\tests\Axle.Data.Npgsql.Tests.csproj", "{5F7161CA-2670-4CF9-AD95-00D91E6EBBBA}"
EndProject
Project("{9A19103F-16F7-4668-BE54-9A1E7A4F7556}") = "Axle.Data.SqlClient.Tests", "codebase\data\sql_client\tests\Axle.Data.SqlClient.Tests.csproj", "{C9166C70-2584-4F00-89D9-F62DE9D2CDBE}"
EndProject
Project("{6EC3EE1D-3C4E-46DD-8F32-0CC8E7565705}") = "Axle.Data.FSharp", "codebase\data\fsharp\src\Axle.Data.FSharp.fsproj", "{5E088541-AAA7-427B-9C45-757C73875B2C}"
EndProject
Project("{9A19103F-16F7-4668-BE54-9A1E7A4F7556}") = "Axle.Configuration", "codebase\configuration\main\src\Axle.Configuration.csproj", "{8DBBA160-18F0-4268-890F-6D1C26AA0746}"
EndProject
Project("{2150E333-8FDC-42A3-9474-1A3956D46DE8}") = "web", "web", "{9DED733E-41FB-4B4C-A60D-F646D0079E12}"
EndProject
Project("{9A19103F-16F7-4668-BE54-9A1E7A4F7556}") = "Axle.Web.AspNetCore", "codebase\web\main\src\Axle.Web.AspNetCore.csproj", "{6A38CBF9-103A-4093-B2F5-181B7717B9B6}"
EndProject
Project("{9A19103F-16F7-4668-BE54-9A1E7A4F7556}") = "Axle.Web.WebSharper", "codebase\web\websharper\src\Axle.Web.WebSharper.csproj", "{06D29389-3DB1-4841-A74C-6905C870970B}"
EndProject
Project("{9A19103F-16F7-4668-BE54-9A1E7A4F7556}") = "Axle.Data.Sqlite.Microsoft", "codebase\data\sqlite.microsoft\src\Axle.Data.Sqlite.Microsoft.csproj", "{F8BBCA02-B194-4FB6-82B8-6E656A8B875A}"
EndProject
Project("{9A19103F-16F7-4668-BE54-9A1E7A4F7556}") = "Axle.Web.AspNetCore.Mvc", "codebase\web\mvc\src\Axle.Web.AspNetCore.Mvc.csproj", "{566538F3-C76F-41F1-986E-B282ADEB6D22}"
EndProject
Project("{2150E333-8FDC-42A3-9474-1A3956D46DE8}") = "codebase", "codebase", "{D256F73B-FD7E-4C68-B18F-192E81240F9B}"
	ProjectSection(SolutionItems) = preProject
		codebase\Axle.Common.props = codebase\Axle.Common.props
		codebase\Dependency.Versions.props = codebase\Dependency.Versions.props
		codebase\FSharp.Core.Packages.targets = codebase\FSharp.Core.Packages.targets
		codebase\NUnit.Packages.targets = codebase\NUnit.Packages.targets
	EndProjectSection
EndProject
Project("{2150E333-8FDC-42A3-9474-1A3956D46DE8}") = "text", "text", "{20FBBA2C-3EF5-463F-924B-0752FF21041A}"
EndProject
Project("{9A19103F-16F7-4668-BE54-9A1E7A4F7556}") = "Axle.Text.Documents", "codebase\text.documents\main\src\Axle.Text.Documents.csproj", "{3AB027FE-770C-4495-9C22-A47A1AF547CC}"
EndProject
Project("{9A19103F-16F7-4668-BE54-9A1E7A4F7556}") = "Axle.Text.Documents.Yaml", "codebase\text.documents\yaml\src\Axle.Text.Documents.Yaml.csproj", "{84468961-0B3A-42C9-91A8-4566FC4296CF}"
EndProject
Project("{9A19103F-16F7-4668-BE54-9A1E7A4F7556}") = "Axle.Text.Documents.Properties", "codebase\text.documents\properties\src\Axle.Text.Documents.Properties.csproj", "{3A911D54-E803-4DD0-9522-0024E152D65F}"
EndProject
Project("{FAE04EC0-301F-11D3-BF4B-00C04F79EFBC}") = "Axle.Text.Documents.Properties.Tests", "codebase\text.documents\properties\tests\Axle.Text.Documents.Properties.Tests.csproj", "{2F8DD6CD-BAFF-4271-A03E-BB67DC53B9E8}"
EndProject
Project("{2150E333-8FDC-42A3-9474-1A3956D46DE8}") = "properties", "properties", "{4F419519-E206-4CDD-89E0-B28F5313C51B}"
EndProject
Project("{2150E333-8FDC-42A3-9474-1A3956D46DE8}") = "yaml", "yaml", "{9727E349-0606-4E90-8CBC-6AECDB004791}"
EndProject
Project("{2150E333-8FDC-42A3-9474-1A3956D46DE8}") = "main", "main", "{941D0991-5914-4A8A-9F75-1D84E10B7A49}"
EndProject
Project("{2150E333-8FDC-42A3-9474-1A3956D46DE8}") = "json", "json", "{BB0568A7-5D45-499C-83B5-848774D0FEAB}"
EndProject
Project("{2150E333-8FDC-42A3-9474-1A3956D46DE8}") = "hocon", "hocon", "{A6F69C52-8C65-41ED-A81E-5A606785C436}"
EndProject
Project("{FAE04EC0-301F-11D3-BF4B-00C04F79EFBC}") = "Axle.Text.Documents.Yaml.Tests", "codebase\text.documents\yaml\tests\Axle.Text.Documents.Yaml.Tests.csproj", "{1BA8759B-EEF5-44DC-AB60-8FCF4FF4FFD9}"
EndProject
Project("{2150E333-8FDC-42A3-9474-1A3956D46DE8}") = "properties", "properties", "{791AB91C-2E6F-48D0-A68C-A1E6DFAFB245}"
EndProject
Project("{9A19103F-16F7-4668-BE54-9A1E7A4F7556}") = "Axle.Text.Documents.Tests", "codebase\text.documents\main\tests\Axle.Text.Documents.Tests.csproj", "{D4C56580-5C6F-4D05-A519-95E6B1F59F1F}"
EndProject
Project("{F2A71F9B-5D33-465A-A702-920D77279786}") = "Axle.FSharp", "codebase\core\fsharp\src\Axle.FSharp.fsproj", "{058DA5D4-BE62-4A66-AC23-DD162E113EBF}"
EndProject
Global
	GlobalSection(SolutionConfigurationPlatforms) = preSolution
		Debug|Any CPU = Debug|Any CPU
		Release|Any CPU = Release|Any CPU
	EndGlobalSection
	GlobalSection(ProjectConfigurationPlatforms) = postSolution
		{43919C97-BCFD-4802-95D7-76435E066962}.Debug|Any CPU.ActiveCfg = Debug|Any CPU
		{43919C97-BCFD-4802-95D7-76435E066962}.Debug|Any CPU.Build.0 = Debug|Any CPU
		{43919C97-BCFD-4802-95D7-76435E066962}.Release|Any CPU.ActiveCfg = Release|Any CPU
		{43919C97-BCFD-4802-95D7-76435E066962}.Release|Any CPU.Build.0 = Release|Any CPU
		{0952B72D-9D69-4439-885F-096ED969E9E5}.Debug|Any CPU.ActiveCfg = Debug|Any CPU
		{0952B72D-9D69-4439-885F-096ED969E9E5}.Debug|Any CPU.Build.0 = Debug|Any CPU
		{0952B72D-9D69-4439-885F-096ED969E9E5}.Release|Any CPU.ActiveCfg = Release|Any CPU
		{0952B72D-9D69-4439-885F-096ED969E9E5}.Release|Any CPU.Build.0 = Release|Any CPU
		{CE2898DE-95CA-4476-AA7A-913353C4F6CF}.Debug|Any CPU.ActiveCfg = Debug|Any CPU
		{CE2898DE-95CA-4476-AA7A-913353C4F6CF}.Debug|Any CPU.Build.0 = Debug|Any CPU
		{CE2898DE-95CA-4476-AA7A-913353C4F6CF}.Release|Any CPU.ActiveCfg = Release|Any CPU
		{CE2898DE-95CA-4476-AA7A-913353C4F6CF}.Release|Any CPU.Build.0 = Release|Any CPU
		{5D89911E-F70B-4C08-9659-119104318881}.Debug|Any CPU.ActiveCfg = Debug|Any CPU
		{5D89911E-F70B-4C08-9659-119104318881}.Debug|Any CPU.Build.0 = Debug|Any CPU
		{5D89911E-F70B-4C08-9659-119104318881}.Release|Any CPU.ActiveCfg = Release|Any CPU
		{5D89911E-F70B-4C08-9659-119104318881}.Release|Any CPU.Build.0 = Release|Any CPU
		{5FBB8571-DE95-4AFF-BD35-BE3D579D9BE0}.Debug|Any CPU.ActiveCfg = Debug|Any CPU
		{5FBB8571-DE95-4AFF-BD35-BE3D579D9BE0}.Debug|Any CPU.Build.0 = Debug|Any CPU
		{5FBB8571-DE95-4AFF-BD35-BE3D579D9BE0}.Release|Any CPU.ActiveCfg = Release|Any CPU
		{5FBB8571-DE95-4AFF-BD35-BE3D579D9BE0}.Release|Any CPU.Build.0 = Release|Any CPU
		{F3F97266-80F8-4C54-8CBC-1D72A5042E19}.Debug|Any CPU.ActiveCfg = Debug|Any CPU
		{F3F97266-80F8-4C54-8CBC-1D72A5042E19}.Debug|Any CPU.Build.0 = Debug|Any CPU
		{F3F97266-80F8-4C54-8CBC-1D72A5042E19}.Release|Any CPU.ActiveCfg = Release|Any CPU
		{F3F97266-80F8-4C54-8CBC-1D72A5042E19}.Release|Any CPU.Build.0 = Release|Any CPU
		{C4F31EBB-4880-4E07-AAC0-8EC65C85F56B}.Debug|Any CPU.ActiveCfg = Debug|Any CPU
		{C4F31EBB-4880-4E07-AAC0-8EC65C85F56B}.Debug|Any CPU.Build.0 = Debug|Any CPU
		{C4F31EBB-4880-4E07-AAC0-8EC65C85F56B}.Release|Any CPU.ActiveCfg = Release|Any CPU
		{C4F31EBB-4880-4E07-AAC0-8EC65C85F56B}.Release|Any CPU.Build.0 = Release|Any CPU
		{AB4D08D0-AE39-4992-96DA-FDD3676E806B}.Debug|Any CPU.ActiveCfg = Debug|Any CPU
		{AB4D08D0-AE39-4992-96DA-FDD3676E806B}.Debug|Any CPU.Build.0 = Debug|Any CPU
		{AB4D08D0-AE39-4992-96DA-FDD3676E806B}.Release|Any CPU.ActiveCfg = Release|Any CPU
		{AB4D08D0-AE39-4992-96DA-FDD3676E806B}.Release|Any CPU.Build.0 = Release|Any CPU
		{91679D15-77CB-4F66-8145-7085303A105F}.Debug|Any CPU.ActiveCfg = Debug|Any CPU
		{91679D15-77CB-4F66-8145-7085303A105F}.Debug|Any CPU.Build.0 = Debug|Any CPU
		{91679D15-77CB-4F66-8145-7085303A105F}.Release|Any CPU.ActiveCfg = Release|Any CPU
		{91679D15-77CB-4F66-8145-7085303A105F}.Release|Any CPU.Build.0 = Release|Any CPU
		{DF3B43F1-D3EB-4C7C-8422-B6B343629CF6}.Debug|Any CPU.ActiveCfg = Debug|Any CPU
		{DF3B43F1-D3EB-4C7C-8422-B6B343629CF6}.Debug|Any CPU.Build.0 = Debug|Any CPU
		{DF3B43F1-D3EB-4C7C-8422-B6B343629CF6}.Release|Any CPU.ActiveCfg = Release|Any CPU
		{DF3B43F1-D3EB-4C7C-8422-B6B343629CF6}.Release|Any CPU.Build.0 = Release|Any CPU
		{1DA50E5B-0778-4E5D-8BF5-08AE4C645647}.Debug|Any CPU.ActiveCfg = Debug|Any CPU
		{1DA50E5B-0778-4E5D-8BF5-08AE4C645647}.Debug|Any CPU.Build.0 = Debug|Any CPU
		{1DA50E5B-0778-4E5D-8BF5-08AE4C645647}.Release|Any CPU.ActiveCfg = Release|Any CPU
		{1DA50E5B-0778-4E5D-8BF5-08AE4C645647}.Release|Any CPU.Build.0 = Release|Any CPU
		{BEBAE308-F02E-479E-90A0-6D88E2D3EFD9}.Debug|Any CPU.ActiveCfg = Debug|Any CPU
		{BEBAE308-F02E-479E-90A0-6D88E2D3EFD9}.Debug|Any CPU.Build.0 = Debug|Any CPU
		{BEBAE308-F02E-479E-90A0-6D88E2D3EFD9}.Release|Any CPU.ActiveCfg = Release|Any CPU
		{BEBAE308-F02E-479E-90A0-6D88E2D3EFD9}.Release|Any CPU.Build.0 = Release|Any CPU
		{5562054B-F00C-4926-806A-55DFDDD14C98}.Debug|Any CPU.ActiveCfg = Debug|Any CPU
		{5562054B-F00C-4926-806A-55DFDDD14C98}.Debug|Any CPU.Build.0 = Debug|Any CPU
		{5562054B-F00C-4926-806A-55DFDDD14C98}.Release|Any CPU.ActiveCfg = Release|Any CPU
		{5562054B-F00C-4926-806A-55DFDDD14C98}.Release|Any CPU.Build.0 = Release|Any CPU
		{3CFAC4A9-56FE-4036-ADB2-122F61C564EB}.Debug|Any CPU.ActiveCfg = Debug|Any CPU
		{3CFAC4A9-56FE-4036-ADB2-122F61C564EB}.Debug|Any CPU.Build.0 = Debug|Any CPU
		{3CFAC4A9-56FE-4036-ADB2-122F61C564EB}.Release|Any CPU.ActiveCfg = Release|Any CPU
		{3CFAC4A9-56FE-4036-ADB2-122F61C564EB}.Release|Any CPU.Build.0 = Release|Any CPU
		{82EE9E10-E6CE-485F-A943-BA33E303035E}.Debug|Any CPU.ActiveCfg = Debug|Any CPU
		{82EE9E10-E6CE-485F-A943-BA33E303035E}.Debug|Any CPU.Build.0 = Debug|Any CPU
		{82EE9E10-E6CE-485F-A943-BA33E303035E}.Release|Any CPU.ActiveCfg = Release|Any CPU
		{82EE9E10-E6CE-485F-A943-BA33E303035E}.Release|Any CPU.Build.0 = Release|Any CPU
		{879FE3A1-6FF7-466D-91FA-4DB67AE5E66A}.Debug|Any CPU.ActiveCfg = Debug|Any CPU
		{879FE3A1-6FF7-466D-91FA-4DB67AE5E66A}.Debug|Any CPU.Build.0 = Debug|Any CPU
		{879FE3A1-6FF7-466D-91FA-4DB67AE5E66A}.Release|Any CPU.ActiveCfg = Release|Any CPU
		{879FE3A1-6FF7-466D-91FA-4DB67AE5E66A}.Release|Any CPU.Build.0 = Release|Any CPU
		{D8E36B44-60AF-4F8D-A148-F68F555876F9}.Debug|Any CPU.ActiveCfg = Debug|Any CPU
		{D8E36B44-60AF-4F8D-A148-F68F555876F9}.Debug|Any CPU.Build.0 = Debug|Any CPU
		{D8E36B44-60AF-4F8D-A148-F68F555876F9}.Release|Any CPU.ActiveCfg = Release|Any CPU
		{D8E36B44-60AF-4F8D-A148-F68F555876F9}.Release|Any CPU.Build.0 = Release|Any CPU
		{101CF79E-134B-4483-8734-C9AC28F68E20}.Debug|Any CPU.ActiveCfg = Debug|Any CPU
		{101CF79E-134B-4483-8734-C9AC28F68E20}.Debug|Any CPU.Build.0 = Debug|Any CPU
		{101CF79E-134B-4483-8734-C9AC28F68E20}.Release|Any CPU.ActiveCfg = Release|Any CPU
		{101CF79E-134B-4483-8734-C9AC28F68E20}.Release|Any CPU.Build.0 = Release|Any CPU
		{8EDF4429-251A-416D-BB68-93F227191BCF}.Debug|Any CPU.ActiveCfg = Debug|Any CPU
		{8EDF4429-251A-416D-BB68-93F227191BCF}.Debug|Any CPU.Build.0 = Debug|Any CPU
		{8EDF4429-251A-416D-BB68-93F227191BCF}.Release|Any CPU.ActiveCfg = Release|Any CPU
		{8EDF4429-251A-416D-BB68-93F227191BCF}.Release|Any CPU.Build.0 = Release|Any CPU
		{25EADD2A-1F07-45AC-A4FB-8E6A3AF23BAC}.Debug|Any CPU.ActiveCfg = Debug|Any CPU
		{25EADD2A-1F07-45AC-A4FB-8E6A3AF23BAC}.Debug|Any CPU.Build.0 = Debug|Any CPU
		{25EADD2A-1F07-45AC-A4FB-8E6A3AF23BAC}.Release|Any CPU.ActiveCfg = Release|Any CPU
		{25EADD2A-1F07-45AC-A4FB-8E6A3AF23BAC}.Release|Any CPU.Build.0 = Release|Any CPU
		{0562EAB0-074F-40AD-A49D-812C80FFB316}.Debug|Any CPU.ActiveCfg = Debug|Any CPU
		{0562EAB0-074F-40AD-A49D-812C80FFB316}.Debug|Any CPU.Build.0 = Debug|Any CPU
		{0562EAB0-074F-40AD-A49D-812C80FFB316}.Release|Any CPU.ActiveCfg = Release|Any CPU
		{0562EAB0-074F-40AD-A49D-812C80FFB316}.Release|Any CPU.Build.0 = Release|Any CPU
		{5F7161CA-2670-4CF9-AD95-00D91E6EBBBA}.Debug|Any CPU.ActiveCfg = Debug|Any CPU
		{5F7161CA-2670-4CF9-AD95-00D91E6EBBBA}.Debug|Any CPU.Build.0 = Debug|Any CPU
		{5F7161CA-2670-4CF9-AD95-00D91E6EBBBA}.Release|Any CPU.ActiveCfg = Release|Any CPU
		{5F7161CA-2670-4CF9-AD95-00D91E6EBBBA}.Release|Any CPU.Build.0 = Release|Any CPU
		{C9166C70-2584-4F00-89D9-F62DE9D2CDBE}.Debug|Any CPU.ActiveCfg = Debug|Any CPU
		{C9166C70-2584-4F00-89D9-F62DE9D2CDBE}.Debug|Any CPU.Build.0 = Debug|Any CPU
		{C9166C70-2584-4F00-89D9-F62DE9D2CDBE}.Release|Any CPU.ActiveCfg = Release|Any CPU
		{C9166C70-2584-4F00-89D9-F62DE9D2CDBE}.Release|Any CPU.Build.0 = Release|Any CPU
		{5E088541-AAA7-427B-9C45-757C73875B2C}.Debug|Any CPU.ActiveCfg = Debug|Any CPU
		{5E088541-AAA7-427B-9C45-757C73875B2C}.Debug|Any CPU.Build.0 = Debug|Any CPU
		{5E088541-AAA7-427B-9C45-757C73875B2C}.Release|Any CPU.ActiveCfg = Release|Any CPU
		{5E088541-AAA7-427B-9C45-757C73875B2C}.Release|Any CPU.Build.0 = Release|Any CPU
		{8DBBA160-18F0-4268-890F-6D1C26AA0746}.Debug|Any CPU.ActiveCfg = Debug|Any CPU
		{8DBBA160-18F0-4268-890F-6D1C26AA0746}.Debug|Any CPU.Build.0 = Debug|Any CPU
		{8DBBA160-18F0-4268-890F-6D1C26AA0746}.Release|Any CPU.ActiveCfg = Release|Any CPU
		{8DBBA160-18F0-4268-890F-6D1C26AA0746}.Release|Any CPU.Build.0 = Release|Any CPU
		{6A38CBF9-103A-4093-B2F5-181B7717B9B6}.Debug|Any CPU.ActiveCfg = Debug|Any CPU
		{6A38CBF9-103A-4093-B2F5-181B7717B9B6}.Debug|Any CPU.Build.0 = Debug|Any CPU
		{6A38CBF9-103A-4093-B2F5-181B7717B9B6}.Release|Any CPU.ActiveCfg = Release|Any CPU
		{6A38CBF9-103A-4093-B2F5-181B7717B9B6}.Release|Any CPU.Build.0 = Release|Any CPU
		{06D29389-3DB1-4841-A74C-6905C870970B}.Debug|Any CPU.ActiveCfg = Debug|Any CPU
		{06D29389-3DB1-4841-A74C-6905C870970B}.Debug|Any CPU.Build.0 = Debug|Any CPU
		{06D29389-3DB1-4841-A74C-6905C870970B}.Release|Any CPU.ActiveCfg = Release|Any CPU
		{06D29389-3DB1-4841-A74C-6905C870970B}.Release|Any CPU.Build.0 = Release|Any CPU
		{F8BBCA02-B194-4FB6-82B8-6E656A8B875A}.Debug|Any CPU.ActiveCfg = Debug|Any CPU
		{F8BBCA02-B194-4FB6-82B8-6E656A8B875A}.Debug|Any CPU.Build.0 = Debug|Any CPU
		{F8BBCA02-B194-4FB6-82B8-6E656A8B875A}.Release|Any CPU.ActiveCfg = Release|Any CPU
		{F8BBCA02-B194-4FB6-82B8-6E656A8B875A}.Release|Any CPU.Build.0 = Release|Any CPU
		{566538F3-C76F-41F1-986E-B282ADEB6D22}.Debug|Any CPU.ActiveCfg = Debug|Any CPU
		{566538F3-C76F-41F1-986E-B282ADEB6D22}.Debug|Any CPU.Build.0 = Debug|Any CPU
		{566538F3-C76F-41F1-986E-B282ADEB6D22}.Release|Any CPU.ActiveCfg = Release|Any CPU
		{566538F3-C76F-41F1-986E-B282ADEB6D22}.Release|Any CPU.Build.0 = Release|Any CPU
		{3AB027FE-770C-4495-9C22-A47A1AF547CC}.Debug|Any CPU.ActiveCfg = Debug|Any CPU
		{3AB027FE-770C-4495-9C22-A47A1AF547CC}.Debug|Any CPU.Build.0 = Debug|Any CPU
		{3AB027FE-770C-4495-9C22-A47A1AF547CC}.Release|Any CPU.ActiveCfg = Release|Any CPU
		{3AB027FE-770C-4495-9C22-A47A1AF547CC}.Release|Any CPU.Build.0 = Release|Any CPU
		{84468961-0B3A-42C9-91A8-4566FC4296CF}.Debug|Any CPU.ActiveCfg = Debug|Any CPU
		{84468961-0B3A-42C9-91A8-4566FC4296CF}.Debug|Any CPU.Build.0 = Debug|Any CPU
		{84468961-0B3A-42C9-91A8-4566FC4296CF}.Release|Any CPU.ActiveCfg = Release|Any CPU
		{84468961-0B3A-42C9-91A8-4566FC4296CF}.Release|Any CPU.Build.0 = Release|Any CPU
		{3A911D54-E803-4DD0-9522-0024E152D65F}.Debug|Any CPU.ActiveCfg = Debug|Any CPU
		{3A911D54-E803-4DD0-9522-0024E152D65F}.Debug|Any CPU.Build.0 = Debug|Any CPU
		{3A911D54-E803-4DD0-9522-0024E152D65F}.Release|Any CPU.ActiveCfg = Release|Any CPU
		{3A911D54-E803-4DD0-9522-0024E152D65F}.Release|Any CPU.Build.0 = Release|Any CPU
		{2F8DD6CD-BAFF-4271-A03E-BB67DC53B9E8}.Debug|Any CPU.ActiveCfg = Debug|Any CPU
		{2F8DD6CD-BAFF-4271-A03E-BB67DC53B9E8}.Debug|Any CPU.Build.0 = Debug|Any CPU
		{2F8DD6CD-BAFF-4271-A03E-BB67DC53B9E8}.Release|Any CPU.ActiveCfg = Release|Any CPU
		{2F8DD6CD-BAFF-4271-A03E-BB67DC53B9E8}.Release|Any CPU.Build.0 = Release|Any CPU
		{1BA8759B-EEF5-44DC-AB60-8FCF4FF4FFD9}.Debug|Any CPU.ActiveCfg = Debug|Any CPU
		{1BA8759B-EEF5-44DC-AB60-8FCF4FF4FFD9}.Debug|Any CPU.Build.0 = Debug|Any CPU
		{1BA8759B-EEF5-44DC-AB60-8FCF4FF4FFD9}.Release|Any CPU.ActiveCfg = Release|Any CPU
		{1BA8759B-EEF5-44DC-AB60-8FCF4FF4FFD9}.Release|Any CPU.Build.0 = Release|Any CPU
		{D4C56580-5C6F-4D05-A519-95E6B1F59F1F}.Debug|Any CPU.ActiveCfg = Debug|Any CPU
		{D4C56580-5C6F-4D05-A519-95E6B1F59F1F}.Debug|Any CPU.Build.0 = Debug|Any CPU
		{D4C56580-5C6F-4D05-A519-95E6B1F59F1F}.Release|Any CPU.ActiveCfg = Release|Any CPU
		{D4C56580-5C6F-4D05-A519-95E6B1F59F1F}.Release|Any CPU.Build.0 = Release|Any CPU
		{058DA5D4-BE62-4A66-AC23-DD162E113EBF}.Debug|Any CPU.ActiveCfg = Debug|Any CPU
		{058DA5D4-BE62-4A66-AC23-DD162E113EBF}.Debug|Any CPU.Build.0 = Debug|Any CPU
		{058DA5D4-BE62-4A66-AC23-DD162E113EBF}.Release|Any CPU.ActiveCfg = Release|Any CPU
		{058DA5D4-BE62-4A66-AC23-DD162E113EBF}.Release|Any CPU.Build.0 = Release|Any CPU
	EndGlobalSection
	GlobalSection(SolutionProperties) = preSolution
		HideSolutionNode = FALSE
	EndGlobalSection
	GlobalSection(NestedProjects) = preSolution
		{2BAE7732-F440-4B68-8AC3-9A6B6B4198F5} = {D256F73B-FD7E-4C68-B18F-192E81240F9B}
		{43919C97-BCFD-4802-95D7-76435E066962} = {2BAE7732-F440-4B68-8AC3-9A6B6B4198F5}
		{ECC0AFD7-5709-4003-81DF-196F9BC3D158} = {D256F73B-FD7E-4C68-B18F-192E81240F9B}
		{766C9667-99B8-4469-9FB6-2A15025B6E25} = {ECC0AFD7-5709-4003-81DF-196F9BC3D158}
		{0952B72D-9D69-4439-885F-096ED969E9E5} = {766C9667-99B8-4469-9FB6-2A15025B6E25}
		{CE2898DE-95CA-4476-AA7A-913353C4F6CF} = {766C9667-99B8-4469-9FB6-2A15025B6E25}
		{5D89911E-F70B-4C08-9659-119104318881} = {791AB91C-2E6F-48D0-A68C-A1E6DFAFB245}
		{5FBB8571-DE95-4AFF-BD35-BE3D579D9BE0} = {791AB91C-2E6F-48D0-A68C-A1E6DFAFB245}
		{F3F97266-80F8-4C54-8CBC-1D72A5042E19} = {FBBEBC56-CADC-4DE3-A75B-B373C1A7382F}
		{C4F31EBB-4880-4E07-AAC0-8EC65C85F56B} = {FBBEBC56-CADC-4DE3-A75B-B373C1A7382F}
		{6706277F-4174-433D-B3F3-57E0C6E15402} = {D256F73B-FD7E-4C68-B18F-192E81240F9B}
		{AB4D08D0-AE39-4992-96DA-FDD3676E806B} = {6706277F-4174-433D-B3F3-57E0C6E15402}
		{D70A7D36-32CB-4359-8210-D3F6DEC3D04A} = {D256F73B-FD7E-4C68-B18F-192E81240F9B}
		{D233A35D-37CF-48C1-BCFB-B7A90F82D826} = {D70A7D36-32CB-4359-8210-D3F6DEC3D04A}
		{91679D15-77CB-4F66-8145-7085303A105F} = {D233A35D-37CF-48C1-BCFB-B7A90F82D826}
		{13D7D1D3-733D-46E8-AFD1-D1BE3E0A1640} = {D256F73B-FD7E-4C68-B18F-192E81240F9B}
		{DF3B43F1-D3EB-4C7C-8422-B6B343629CF6} = {13D7D1D3-733D-46E8-AFD1-D1BE3E0A1640}
		{098CB474-B887-4DE9-B5E8-FD9C08E4462D} = {D256F73B-FD7E-4C68-B18F-192E81240F9B}
		{67B8EC37-9671-4762-B363-333E6ED87FFD} = {D256F73B-FD7E-4C68-B18F-192E81240F9B}
		{1DA50E5B-0778-4E5D-8BF5-08AE4C645647} = {67B8EC37-9671-4762-B363-333E6ED87FFD}
		{BEBAE308-F02E-479E-90A0-6D88E2D3EFD9} = {67B8EC37-9671-4762-B363-333E6ED87FFD}
		{5562054B-F00C-4926-806A-55DFDDD14C98} = {67B8EC37-9671-4762-B363-333E6ED87FFD}
		{3CFAC4A9-56FE-4036-ADB2-122F61C564EB} = {67B8EC37-9671-4762-B363-333E6ED87FFD}
		{82EE9E10-E6CE-485F-A943-BA33E303035E} = {67B8EC37-9671-4762-B363-333E6ED87FFD}
		{879FE3A1-6FF7-466D-91FA-4DB67AE5E66A} = {67B8EC37-9671-4762-B363-333E6ED87FFD}
		{FBBEBC56-CADC-4DE3-A75B-B373C1A7382F} = {ECC0AFD7-5709-4003-81DF-196F9BC3D158}
		{D8E36B44-60AF-4F8D-A148-F68F555876F9} = {2BAE7732-F440-4B68-8AC3-9A6B6B4198F5}
		{6DA33AEE-E60E-440F-8591-DC3B3404754C} = {D256F73B-FD7E-4C68-B18F-192E81240F9B}
		{101CF79E-134B-4483-8734-C9AC28F68E20} = {6DA33AEE-E60E-440F-8591-DC3B3404754C}
		{8EDF4429-251A-416D-BB68-93F227191BCF} = {6DA33AEE-E60E-440F-8591-DC3B3404754C}
		{ACC06ECC-9DE1-4639-BE28-0F0B716E4BA5} = {D256F73B-FD7E-4C68-B18F-192E81240F9B}
		{25EADD2A-1F07-45AC-A4FB-8E6A3AF23BAC} = {67B8EC37-9671-4762-B363-333E6ED87FFD}
		{0562EAB0-074F-40AD-A49D-812C80FFB316} = {67B8EC37-9671-4762-B363-333E6ED87FFD}
		{5F7161CA-2670-4CF9-AD95-00D91E6EBBBA} = {67B8EC37-9671-4762-B363-333E6ED87FFD}
		{C9166C70-2584-4F00-89D9-F62DE9D2CDBE} = {67B8EC37-9671-4762-B363-333E6ED87FFD}
		{5E088541-AAA7-427B-9C45-757C73875B2C} = {67B8EC37-9671-4762-B363-333E6ED87FFD}
		{8DBBA160-18F0-4268-890F-6D1C26AA0746} = {ACC06ECC-9DE1-4639-BE28-0F0B716E4BA5}
		{9DED733E-41FB-4B4C-A60D-F646D0079E12} = {D256F73B-FD7E-4C68-B18F-192E81240F9B}
		{6A38CBF9-103A-4093-B2F5-181B7717B9B6} = {9DED733E-41FB-4B4C-A60D-F646D0079E12}
		{06D29389-3DB1-4841-A74C-6905C870970B} = {9DED733E-41FB-4B4C-A60D-F646D0079E12}
		{F8BBCA02-B194-4FB6-82B8-6E656A8B875A} = {67B8EC37-9671-4762-B363-333E6ED87FFD}
		{566538F3-C76F-41F1-986E-B282ADEB6D22} = {9DED733E-41FB-4B4C-A60D-F646D0079E12}
		{20FBBA2C-3EF5-463F-924B-0752FF21041A} = {D256F73B-FD7E-4C68-B18F-192E81240F9B}
		{3AB027FE-770C-4495-9C22-A47A1AF547CC} = {941D0991-5914-4A8A-9F75-1D84E10B7A49}
		{84468961-0B3A-42C9-91A8-4566FC4296CF} = {9727E349-0606-4E90-8CBC-6AECDB004791}
		{3A911D54-E803-4DD0-9522-0024E152D65F} = {4F419519-E206-4CDD-89E0-B28F5313C51B}
		{2F8DD6CD-BAFF-4271-A03E-BB67DC53B9E8} = {4F419519-E206-4CDD-89E0-B28F5313C51B}
		{4F419519-E206-4CDD-89E0-B28F5313C51B} = {20FBBA2C-3EF5-463F-924B-0752FF21041A}
		{9727E349-0606-4E90-8CBC-6AECDB004791} = {20FBBA2C-3EF5-463F-924B-0752FF21041A}
		{941D0991-5914-4A8A-9F75-1D84E10B7A49} = {20FBBA2C-3EF5-463F-924B-0752FF21041A}
		{BB0568A7-5D45-499C-83B5-848774D0FEAB} = {20FBBA2C-3EF5-463F-924B-0752FF21041A}
		{A6F69C52-8C65-41ED-A81E-5A606785C436} = {20FBBA2C-3EF5-463F-924B-0752FF21041A}
		{1BA8759B-EEF5-44DC-AB60-8FCF4FF4FFD9} = {9727E349-0606-4E90-8CBC-6AECDB004791}
		{791AB91C-2E6F-48D0-A68C-A1E6DFAFB245} = {ECC0AFD7-5709-4003-81DF-196F9BC3D158}
		{D4C56580-5C6F-4D05-A519-95E6B1F59F1F} = {941D0991-5914-4A8A-9F75-1D84E10B7A49}
		{058DA5D4-BE62-4A66-AC23-DD162E113EBF} = {2BAE7732-F440-4B68-8AC3-9A6B6B4198F5}
	EndGlobalSection
	GlobalSection(ExtensibilityGlobals) = postSolution
		SolutionGuid = {135C931B-3FFA-4D0B-BBCB-011DD1C8C226}
	EndGlobalSection
	GlobalSection(MonoDevelopProperties) = preSolution
		Policies = $0
		$0.TextStylePolicy = $3
		$1.FileWidth = 120
		$1.EolMarker = Windows
		$1.inheritsSet = VisualStudio
		$1.inheritsScope = text/plain
		$1.scope = text/x-csharp
		$0.CSharpFormattingPolicy = $2
		$2.AfterDelegateDeclarationParameterComma = True
		$2.inheritsSet = Mono
		$2.inheritsScope = text/x-csharp
		$2.scope = text/x-csharp
		$3.inheritsSet = null
		$3.scope = application/x-sh
	EndGlobalSection
EndGlobal
