
Microsoft Visual Studio Solution File, Format Version 12.00
# Visual Studio 15
VisualStudioVersion = 15.0.27130.2026
MinimumVisualStudioVersion = 10.0.40219.1
Project("{9A19103F-16F7-4668-BE54-9A1E7A4F7556}") = "Axle.Core.dist", "codebase\core\main\src\Axle.Core.dist.csproj", "{D7C8BBB3-0256-46CF-B778-5EB7E423229C}"
EndProject
Project("{2150E333-8FDC-42A3-9474-1A3956D46DE8}") = "core", "core", "{2BAE7732-F440-4B68-8AC3-9A6B6B4198F5}"
EndProject
Project("{9A19103F-16F7-4668-BE54-9A1E7A4F7556}") = "Axle.Core", "codebase\core\main\src\Axle.Core.csproj", "{43919C97-BCFD-4802-95D7-76435E066962}"
EndProject
Project("{2150E333-8FDC-42A3-9474-1A3956D46DE8}") = ".sln", ".sln", "{CE683FA5-9319-4F2F-BFF1-1C9DF0259DAA}"
	ProjectSection(SolutionItems) = preProject
		mason.properties = mason.properties
	EndProjectSection
EndProject
Project("{2150E333-8FDC-42A3-9474-1A3956D46DE8}") = "resources", "resources", "{ECC0AFD7-5709-4003-81DF-196F9BC3D158}"
EndProject
Project("{9A19103F-16F7-4668-BE54-9A1E7A4F7556}") = "Axle.Resources", "codebase\resources\main\src\Axle.Resources.csproj", "{0952B72D-9D69-4439-885F-096ED969E9E5}"
EndProject
Project("{9A19103F-16F7-4668-BE54-9A1E7A4F7556}") = "Axle.Resources.dist", "codebase\resources\main\src\Axle.Resources.dist.csproj", "{2DE11DC0-1123-4A33-8D10-5665ADEACF06}"
EndProject
Project("{9A19103F-16F7-4668-BE54-9A1E7A4F7556}") = "Axle.Resources.Java", "codebase\resources\java\src\Axle.Resources.Java.csproj", "{5D89911E-F70B-4C08-9659-119104318881}"
EndProject
Project("{FAE04EC0-301F-11D3-BF4B-00C04F79EFBC}") = "Axle.Resources.Tests", "codebase\resources\main\tests\Axle.Resources.Tests.csproj", "{8EDF4429-251A-416D-BB68-93F227191BCF}"
EndProject
Project("{2150E333-8FDC-42A3-9474-1A3956D46DE8}") = "main", "main", "{C5536927-E8B3-4BE9-B549-30AE253E4B35}"
EndProject
Project("{2150E333-8FDC-42A3-9474-1A3956D46DE8}") = "java", "java", "{4928D171-9607-4B25-869B-DBAE125A8D31}"
EndProject
Project("{FAE04EC0-301F-11D3-BF4B-00C04F79EFBC}") = "Axle.Resources.Java.Tests", "codebase\resources\java\tests\Axle.Resources.Java.Tests.csproj", "{5FBB8571-DE95-4AFF-BD35-BE3D579D9BE0}"
EndProject
Global
	GlobalSection(SolutionConfigurationPlatforms) = preSolution
		Debug|Any CPU = Debug|Any CPU
		Release|Any CPU = Release|Any CPU
	EndGlobalSection
	GlobalSection(ProjectConfigurationPlatforms) = postSolution
		{D7C8BBB3-0256-46CF-B778-5EB7E423229C}.Debug|Any CPU.ActiveCfg = Debug|Any CPU
		{D7C8BBB3-0256-46CF-B778-5EB7E423229C}.Debug|Any CPU.Build.0 = Debug|Any CPU
		{D7C8BBB3-0256-46CF-B778-5EB7E423229C}.Release|Any CPU.ActiveCfg = Release|Any CPU
		{D7C8BBB3-0256-46CF-B778-5EB7E423229C}.Release|Any CPU.Build.0 = Release|Any CPU
		{43919C97-BCFD-4802-95D7-76435E066962}.Debug|Any CPU.ActiveCfg = Debug|Any CPU
		{43919C97-BCFD-4802-95D7-76435E066962}.Debug|Any CPU.Build.0 = Debug|Any CPU
		{43919C97-BCFD-4802-95D7-76435E066962}.Release|Any CPU.ActiveCfg = Release|Any CPU
		{43919C97-BCFD-4802-95D7-76435E066962}.Release|Any CPU.Build.0 = Release|Any CPU
		{0952B72D-9D69-4439-885F-096ED969E9E5}.Debug|Any CPU.ActiveCfg = Debug|Any CPU
		{0952B72D-9D69-4439-885F-096ED969E9E5}.Debug|Any CPU.Build.0 = Debug|Any CPU
		{0952B72D-9D69-4439-885F-096ED969E9E5}.Release|Any CPU.ActiveCfg = Release|Any CPU
		{0952B72D-9D69-4439-885F-096ED969E9E5}.Release|Any CPU.Build.0 = Release|Any CPU
		{2DE11DC0-1123-4A33-8D10-5665ADEACF06}.Debug|Any CPU.ActiveCfg = Debug|Any CPU
		{2DE11DC0-1123-4A33-8D10-5665ADEACF06}.Debug|Any CPU.Build.0 = Debug|Any CPU
		{2DE11DC0-1123-4A33-8D10-5665ADEACF06}.Release|Any CPU.ActiveCfg = Release|Any CPU
		{2DE11DC0-1123-4A33-8D10-5665ADEACF06}.Release|Any CPU.Build.0 = Release|Any CPU
		{5D89911E-F70B-4C08-9659-119104318881}.Debug|Any CPU.ActiveCfg = Debug|Any CPU
		{5D89911E-F70B-4C08-9659-119104318881}.Debug|Any CPU.Build.0 = Debug|Any CPU
		{5D89911E-F70B-4C08-9659-119104318881}.Release|Any CPU.ActiveCfg = Release|Any CPU
		{5D89911E-F70B-4C08-9659-119104318881}.Release|Any CPU.Build.0 = Release|Any CPU
		{8EDF4429-251A-416D-BB68-93F227191BCF}.Debug|Any CPU.ActiveCfg = Debug|Any CPU
		{8EDF4429-251A-416D-BB68-93F227191BCF}.Debug|Any CPU.Build.0 = Debug|Any CPU
		{8EDF4429-251A-416D-BB68-93F227191BCF}.Release|Any CPU.ActiveCfg = Release|Any CPU
		{8EDF4429-251A-416D-BB68-93F227191BCF}.Release|Any CPU.Build.0 = Release|Any CPU
		{5FBB8571-DE95-4AFF-BD35-BE3D579D9BE0}.Debug|Any CPU.ActiveCfg = Debug|Any CPU
		{5FBB8571-DE95-4AFF-BD35-BE3D579D9BE0}.Debug|Any CPU.Build.0 = Debug|Any CPU
		{5FBB8571-DE95-4AFF-BD35-BE3D579D9BE0}.Release|Any CPU.ActiveCfg = Release|Any CPU
		{5FBB8571-DE95-4AFF-BD35-BE3D579D9BE0}.Release|Any CPU.Build.0 = Release|Any CPU
	EndGlobalSection
	GlobalSection(SolutionProperties) = preSolution
		HideSolutionNode = FALSE
	EndGlobalSection
	GlobalSection(NestedProjects) = preSolution
		{D7C8BBB3-0256-46CF-B778-5EB7E423229C} = {2BAE7732-F440-4B68-8AC3-9A6B6B4198F5}
		{43919C97-BCFD-4802-95D7-76435E066962} = {2BAE7732-F440-4B68-8AC3-9A6B6B4198F5}
		{0952B72D-9D69-4439-885F-096ED969E9E5} = {C5536927-E8B3-4BE9-B549-30AE253E4B35}
		{2DE11DC0-1123-4A33-8D10-5665ADEACF06} = {C5536927-E8B3-4BE9-B549-30AE253E4B35}
		{5D89911E-F70B-4C08-9659-119104318881} = {4928D171-9607-4B25-869B-DBAE125A8D31}
		{8EDF4429-251A-416D-BB68-93F227191BCF} = {C5536927-E8B3-4BE9-B549-30AE253E4B35}
		{C5536927-E8B3-4BE9-B549-30AE253E4B35} = {ECC0AFD7-5709-4003-81DF-196F9BC3D158}
		{4928D171-9607-4B25-869B-DBAE125A8D31} = {ECC0AFD7-5709-4003-81DF-196F9BC3D158}
		{5FBB8571-DE95-4AFF-BD35-BE3D579D9BE0} = {4928D171-9607-4B25-869B-DBAE125A8D31}
	EndGlobalSection
	GlobalSection(ExtensibilityGlobals) = postSolution
		SolutionGuid = {135C931B-3FFA-4D0B-BBCB-011DD1C8C226}
	EndGlobalSection
	GlobalSection(MonoDevelopProperties) = preSolution
		Policies = $0
		$0.TextStylePolicy = $3
		$1.FileWidth = 120
		$1.EolMarker = Windows
		$1.inheritsSet = VisualStudio
		$1.inheritsScope = text/plain
		$1.scope = text/x-csharp
		$0.CSharpFormattingPolicy = $2
		$2.AfterDelegateDeclarationParameterComma = True
		$2.inheritsSet = Mono
		$2.inheritsScope = text/x-csharp
		$2.scope = text/x-csharp
		$3.inheritsSet = null
		$3.scope = application/x-sh
	EndGlobalSection
EndGlobal
