
Microsoft Visual Studio Solution File, Format Version 12.00
# Visual Studio 15
VisualStudioVersion = 15.0.27130.2026
MinimumVisualStudioVersion = 10.0.40219.1
Project("{2150E333-8FDC-42A3-9474-1A3956D46DE8}") = ".sln", ".sln", "{CE683FA5-9319-4F2F-BFF1-1C9DF0259DAA}"
	ProjectSection(SolutionItems) = preProject
		mason.properties = mason.properties
	EndProjectSection
EndProject
### CORE ###################################################
Project("{2150E333-8FDC-42A3-9474-1A3956D46DE8}") = "core", "core", "{2BAE7732-F440-4B68-8AC3-9A6B6B4198F5}"
EndProject
Project("{9A19103F-16F7-4668-BE54-9A1E7A4F7556}") = "Axle.Core.dist", "codebase\core\main\src\Axle.Core.dist.csproj", "{D7C8BBB3-0256-46CF-B778-5EB7E423229C}"
EndProject
Project("{9A19103F-16F7-4668-BE54-9A1E7A4F7556}") = "Axle.Core", "codebase\core\main\src\Axle.Core.csproj", "{43919C97-BCFD-4802-95D7-76435E066962}"
EndProject
#### RESOURCES #############################################
Project("{2150E333-8FDC-42A3-9474-1A3956D46DE8}") = "resources", "resources", "{ECC0AFD7-5709-4003-81DF-196F9BC3D158}"
EndProject
Project("{2150E333-8FDC-42A3-9474-1A3956D46DE8}") = "src", "src", "{766C9667-99B8-4469-9FB6-2A15025B6E25}"
EndProject
Project("{9A19103F-16F7-4668-BE54-9A1E7A4F7556}") = "Axle.Resources", "codebase\resources\main\src\Axle.Resources.csproj", "{0952B72D-9D69-4439-885F-096ED969E9E5}"
EndProject
Project("{9A19103F-16F7-4668-BE54-9A1E7A4F7556}") = "Axle.Resources.dist", "codebase\resources\main\src\Axle.Resources.dist.csproj", "{2DE11DC0-1123-4A33-8D10-5665ADEACF06}"
EndProject
Project("{FAE04EC0-301F-11D3-BF4B-00C04F79EFBC}") = "Axle.Resources.Tests", "codebase\resources\main\tests\Axle.Resources.Tests.csproj", "{8EDF4429-251A-416D-BB68-93F227191BCF}"
EndProject
Project("{9A19103F-16F7-4668-BE54-9A1E7A4F7556}") = "Axle.Resources.Java", "codebase\resources\java\src\Axle.Resources.Java.csproj", "{5D89911E-F70B-4C08-9659-119104318881}"
EndProject
Project("{FAE04EC0-301F-11D3-BF4B-00C04F79EFBC}") = "Axle.Resources.Java.Tests", "codebase\resources\java\tests\Axle.Resources.Java.Tests.csproj", "{5FBB8571-DE95-4AFF-BD35-BE3D579D9BE0}"
EndProject
Project("{9A19103F-16F7-4668-BE54-9A1E7A4F7556}") = "Axle.Resources.Xml", "I:\Projects\VDimensions\projects\axle\codebase\resources\xml\src\Axle.Resources.Xml.csproj", "{3DE1EA18-A956-49C5-9D41-6FC5DB175A71}"
EndProject
Project("{9A19103F-16F7-4668-BE54-9A1E7A4F7556}") = "Axle.Resources.Yaml", "I:\Projects\VDimensions\projects\axle\codebase\resources\yaml\src\Axle.Resources.Yaml.csproj", "{F3F97266-80F8-4C54-8CBC-1D72A5042E19}"
EndProject
Project("{FAE04EC0-301F-11D3-BF4B-00C04F79EFBC}") = "Axle.Resources.Yaml.Tests", "I:\Projects\VDimensions\projects\axle\codebase\resources\yaml\tests\Axle.Resources.Yaml.Tests.csproj", "{C4F31EBB-4880-4E07-AAC0-8EC65C85F56B}"
EndProject
### SECURITY ###############################################
Project("{2150E333-8FDC-42A3-9474-1A3956D46DE8}") = "security-cryptography", "security-cryptography", "{6706277F-4174-433D-B3F3-57E0C6E15402}"
EndProject
Project("{9A19103F-16F7-4668-BE54-9A1E7A4F7556}") = "Axle.Security.Cryptography", "codebase\security-cryptography\main\src\Axle.Security.Cryptography.csproj", "{AB4D08D0-AE39-4992-96DA-FDD3676E806B}"
EndProject
### LOGGING ################################################
Project("{2150E333-8FDC-42A3-9474-1A3956D46DE8}") = "logging", "logging", "{D70A7D36-32CB-4359-8210-D3F6DEC3D04A}"
EndProject
Project("{2150E333-8FDC-42A3-9474-1A3956D46DE8}") = "main", "main", "{2509012F-990E-4261-8A97-659DF2217F1C}"
EndProject
Project("{9A19103F-16F7-4668-BE54-9A1E7A4F7556}") = "Axle.Logging", "codebase\logging\main\src\Axle.Logging.csproj", "{EA51413A-58E8-4903-AEA7-CD0BF79462F9}"
EndProject
Project("{2150E333-8FDC-42A3-9474-1A3956D46DE8}") = "log4net", "log4net", "{D233A35D-37CF-48C1-BCFB-B7A90F82D826}"
EndProject
Project("{9A19103F-16F7-4668-BE54-9A1E7A4F7556}") = "Axle.Logging.Log4net", "codebase\logging\log4net\src\Axle.Logging.Log4net.csproj", "{91679D15-77CB-4F66-8145-7085303A105F}"
EndProject
### CACHING ################################################
Project("{2150E333-8FDC-42A3-9474-1A3956D46DE8}") = "caching", "caching", "{13D7D1D3-733D-46E8-AFD1-D1BE3E0A1640}"
EndProject
Project("{9A19103F-16F7-4668-BE54-9A1E7A4F7556}") = "Axle.Caching", "codebase\caching\main\src\Axle.Caching.csproj", "{DF3B43F1-D3EB-4C7C-8422-B6B343629CF6}"
EndProject
### COMPONENT MODEL ########################################
Project("{2150E333-8FDC-42A3-9474-1A3956D46DE8}") = "component-model", "component-model", "{098CB474-B887-4DE9-B5E8-FD9C08E4462D}"
EndProject
### DATA ###################################################
Project("{2150E333-8FDC-42A3-9474-1A3956D46DE8}") = "data", "data", "{67B8EC37-9671-4762-B363-333E6ED87FFD}"
EndProject
Project("{9A19103F-16F7-4668-BE54-9A1E7A4F7556}") = "Axle.Data", "I:\Projects\VDimensions\projects\axle\codebase\data\main\src\Axle.Data.csproj", "{1DA50E5B-0778-4E5D-8BF5-08AE4C645647}"
EndProject
Project("{9A19103F-16F7-4668-BE54-9A1E7A4F7556}") = "Axle.Data.Npgsql", "I:\Projects\VDimensions\projects\axle\codebase\data\npgsql\src\Axle.Data.Npgsql.csproj", "{BEBAE308-F02E-479E-90A0-6D88E2D3EFD9}"
EndProject
Project("{9A19103F-16F7-4668-BE54-9A1E7A4F7556}") = "Axle.Data.Odbc", "I:\Projects\VDimensions\projects\axle\codebase\data\odbc\src\Axle.Data.Odbc.csproj", "{5562054B-F00C-4926-806A-55DFDDD14C98}"
EndProject
Project("{9A19103F-16F7-4668-BE54-9A1E7A4F7556}") = "Axle.Data.OleDb", "I:\Projects\VDimensions\projects\axle\codebase\data\oledb\src\Axle.Data.OleDb.csproj", "{3CFAC4A9-56FE-4036-ADB2-122F61C564EB}"
EndProject
Project("{9A19103F-16F7-4668-BE54-9A1E7A4F7556}") = "Axle.Data.Resources", "I:\Projects\VDimensions\projects\axle\codebase\data\resources\src\Axle.Data.Resources.csproj", "{8DBBA160-18F0-4268-890F-6D1C26AA0746}"
EndProject
Project("{9A19103F-16F7-4668-BE54-9A1E7A4F7556}") = "Axle.Data.SqlClient", "I:\Projects\VDimensions\projects\axle\codebase\data\sql-client\src\Axle.Data.SqlClient.csproj", "{82EE9E10-E6CE-485F-A943-BA33E303035E}"
EndProject
Project("{9A19103F-16F7-4668-BE54-9A1E7A4F7556}") = "Axle.Data.Sqlite", "I:\Projects\VDimensions\projects\axle\codebase\data\sqlite\src\Axle.Data.Sqlite.csproj", "{879FE3A1-6FF7-466D-91FA-4DB67AE5E66A}"
EndProject
Project("{2150E333-8FDC-42A3-9474-1A3956D46DE8}") = "tests", "tests", "{FBBEBC56-CADC-4DE3-A75B-B373C1A7382F}"
EndProject
############################################################
Global
	GlobalSection(SolutionConfigurationPlatforms) = preSolution
		Debug|Any CPU = Debug|Any CPU
		Release|Any CPU = Release|Any CPU
	EndGlobalSection
	GlobalSection(ProjectConfigurationPlatforms) = postSolution
		{D7C8BBB3-0256-46CF-B778-5EB7E423229C}.Debug|Any CPU.ActiveCfg = Debug|Any CPU
		{D7C8BBB3-0256-46CF-B778-5EB7E423229C}.Debug|Any CPU.Build.0 = Debug|Any CPU
		{D7C8BBB3-0256-46CF-B778-5EB7E423229C}.Release|Any CPU.ActiveCfg = Release|Any CPU
		{D7C8BBB3-0256-46CF-B778-5EB7E423229C}.Release|Any CPU.Build.0 = Release|Any CPU
		{43919C97-BCFD-4802-95D7-76435E066962}.Debug|Any CPU.ActiveCfg = Debug|Any CPU
		{43919C97-BCFD-4802-95D7-76435E066962}.Debug|Any CPU.Build.0 = Debug|Any CPU
		{43919C97-BCFD-4802-95D7-76435E066962}.Release|Any CPU.ActiveCfg = Release|Any CPU
		{43919C97-BCFD-4802-95D7-76435E066962}.Release|Any CPU.Build.0 = Release|Any CPU
		{0952B72D-9D69-4439-885F-096ED969E9E5}.Debug|Any CPU.ActiveCfg = Debug|Any CPU
		{0952B72D-9D69-4439-885F-096ED969E9E5}.Debug|Any CPU.Build.0 = Debug|Any CPU
		{0952B72D-9D69-4439-885F-096ED969E9E5}.Release|Any CPU.ActiveCfg = Release|Any CPU
		{0952B72D-9D69-4439-885F-096ED969E9E5}.Release|Any CPU.Build.0 = Release|Any CPU
		{2DE11DC0-1123-4A33-8D10-5665ADEACF06}.Debug|Any CPU.ActiveCfg = Debug|Any CPU
		{2DE11DC0-1123-4A33-8D10-5665ADEACF06}.Debug|Any CPU.Build.0 = Debug|Any CPU
		{2DE11DC0-1123-4A33-8D10-5665ADEACF06}.Release|Any CPU.ActiveCfg = Release|Any CPU
		{2DE11DC0-1123-4A33-8D10-5665ADEACF06}.Release|Any CPU.Build.0 = Release|Any CPU
		{8EDF4429-251A-416D-BB68-93F227191BCF}.Debug|Any CPU.ActiveCfg = Debug|Any CPU
		{8EDF4429-251A-416D-BB68-93F227191BCF}.Debug|Any CPU.Build.0 = Debug|Any CPU
		{8EDF4429-251A-416D-BB68-93F227191BCF}.Release|Any CPU.ActiveCfg = Release|Any CPU
		{8EDF4429-251A-416D-BB68-93F227191BCF}.Release|Any CPU.Build.0 = Release|Any CPU
		{5D89911E-F70B-4C08-9659-119104318881}.Debug|Any CPU.ActiveCfg = Debug|Any CPU
		{5D89911E-F70B-4C08-9659-119104318881}.Debug|Any CPU.Build.0 = Debug|Any CPU
		{5D89911E-F70B-4C08-9659-119104318881}.Release|Any CPU.ActiveCfg = Release|Any CPU
		{5D89911E-F70B-4C08-9659-119104318881}.Release|Any CPU.Build.0 = Release|Any CPU
		{5FBB8571-DE95-4AFF-BD35-BE3D579D9BE0}.Debug|Any CPU.ActiveCfg = Debug|Any CPU
		{5FBB8571-DE95-4AFF-BD35-BE3D579D9BE0}.Debug|Any CPU.Build.0 = Debug|Any CPU
		{5FBB8571-DE95-4AFF-BD35-BE3D579D9BE0}.Release|Any CPU.ActiveCfg = Release|Any CPU
		{5FBB8571-DE95-4AFF-BD35-BE3D579D9BE0}.Release|Any CPU.Build.0 = Release|Any CPU
		{3DE1EA18-A956-49C5-9D41-6FC5DB175A71}.Debug|Any CPU.ActiveCfg = Debug|Any CPU
		{3DE1EA18-A956-49C5-9D41-6FC5DB175A71}.Debug|Any CPU.Build.0 = Debug|Any CPU
		{3DE1EA18-A956-49C5-9D41-6FC5DB175A71}.Release|Any CPU.ActiveCfg = Release|Any CPU
		{3DE1EA18-A956-49C5-9D41-6FC5DB175A71}.Release|Any CPU.Build.0 = Release|Any CPU
		{F3F97266-80F8-4C54-8CBC-1D72A5042E19}.Debug|Any CPU.ActiveCfg = Debug|Any CPU
		{F3F97266-80F8-4C54-8CBC-1D72A5042E19}.Debug|Any CPU.Build.0 = Debug|Any CPU
		{F3F97266-80F8-4C54-8CBC-1D72A5042E19}.Release|Any CPU.ActiveCfg = Release|Any CPU
		{F3F97266-80F8-4C54-8CBC-1D72A5042E19}.Release|Any CPU.Build.0 = Release|Any CPU
		{C4F31EBB-4880-4E07-AAC0-8EC65C85F56B}.Debug|Any CPU.ActiveCfg = Debug|Any CPU
		{C4F31EBB-4880-4E07-AAC0-8EC65C85F56B}.Debug|Any CPU.Build.0 = Debug|Any CPU
		{C4F31EBB-4880-4E07-AAC0-8EC65C85F56B}.Release|Any CPU.ActiveCfg = Release|Any CPU
		{C4F31EBB-4880-4E07-AAC0-8EC65C85F56B}.Release|Any CPU.Build.0 = Release|Any CPU
		{AB4D08D0-AE39-4992-96DA-FDD3676E806B}.Debug|Any CPU.ActiveCfg = Debug|Any CPU
		{AB4D08D0-AE39-4992-96DA-FDD3676E806B}.Debug|Any CPU.Build.0 = Debug|Any CPU
		{AB4D08D0-AE39-4992-96DA-FDD3676E806B}.Release|Any CPU.ActiveCfg = Release|Any CPU
		{AB4D08D0-AE39-4992-96DA-FDD3676E806B}.Release|Any CPU.Build.0 = Release|Any CPU
		{EA51413A-58E8-4903-AEA7-CD0BF79462F9}.Debug|Any CPU.ActiveCfg = Debug|Any CPU
		{EA51413A-58E8-4903-AEA7-CD0BF79462F9}.Debug|Any CPU.Build.0 = Debug|Any CPU
		{EA51413A-58E8-4903-AEA7-CD0BF79462F9}.Release|Any CPU.ActiveCfg = Release|Any CPU
		{EA51413A-58E8-4903-AEA7-CD0BF79462F9}.Release|Any CPU.Build.0 = Release|Any CPU
		{91679D15-77CB-4F66-8145-7085303A105F}.Debug|Any CPU.ActiveCfg = Debug|Any CPU
		{91679D15-77CB-4F66-8145-7085303A105F}.Debug|Any CPU.Build.0 = Debug|Any CPU
		{91679D15-77CB-4F66-8145-7085303A105F}.Release|Any CPU.ActiveCfg = Release|Any CPU
		{91679D15-77CB-4F66-8145-7085303A105F}.Release|Any CPU.Build.0 = Release|Any CPU
		{DF3B43F1-D3EB-4C7C-8422-B6B343629CF6}.Debug|Any CPU.ActiveCfg = Debug|Any CPU
		{DF3B43F1-D3EB-4C7C-8422-B6B343629CF6}.Debug|Any CPU.Build.0 = Debug|Any CPU
		{DF3B43F1-D3EB-4C7C-8422-B6B343629CF6}.Release|Any CPU.ActiveCfg = Release|Any CPU
		{DF3B43F1-D3EB-4C7C-8422-B6B343629CF6}.Release|Any CPU.Build.0 = Release|Any CPU
		{1DA50E5B-0778-4E5D-8BF5-08AE4C645647}.Debug|Any CPU.ActiveCfg = Debug|Any CPU
		{1DA50E5B-0778-4E5D-8BF5-08AE4C645647}.Debug|Any CPU.Build.0 = Debug|Any CPU
		{1DA50E5B-0778-4E5D-8BF5-08AE4C645647}.Release|Any CPU.ActiveCfg = Release|Any CPU
		{1DA50E5B-0778-4E5D-8BF5-08AE4C645647}.Release|Any CPU.Build.0 = Release|Any CPU
		{BEBAE308-F02E-479E-90A0-6D88E2D3EFD9}.Debug|Any CPU.ActiveCfg = Debug|Any CPU
		{BEBAE308-F02E-479E-90A0-6D88E2D3EFD9}.Debug|Any CPU.Build.0 = Debug|Any CPU
		{BEBAE308-F02E-479E-90A0-6D88E2D3EFD9}.Release|Any CPU.ActiveCfg = Release|Any CPU
		{BEBAE308-F02E-479E-90A0-6D88E2D3EFD9}.Release|Any CPU.Build.0 = Release|Any CPU
		{5562054B-F00C-4926-806A-55DFDDD14C98}.Debug|Any CPU.ActiveCfg = Debug|Any CPU
		{5562054B-F00C-4926-806A-55DFDDD14C98}.Debug|Any CPU.Build.0 = Debug|Any CPU
		{5562054B-F00C-4926-806A-55DFDDD14C98}.Release|Any CPU.ActiveCfg = Release|Any CPU
		{5562054B-F00C-4926-806A-55DFDDD14C98}.Release|Any CPU.Build.0 = Release|Any CPU
		{3CFAC4A9-56FE-4036-ADB2-122F61C564EB}.Debug|Any CPU.ActiveCfg = Debug|Any CPU
		{3CFAC4A9-56FE-4036-ADB2-122F61C564EB}.Debug|Any CPU.Build.0 = Debug|Any CPU
		{3CFAC4A9-56FE-4036-ADB2-122F61C564EB}.Release|Any CPU.ActiveCfg = Release|Any CPU
		{3CFAC4A9-56FE-4036-ADB2-122F61C564EB}.Release|Any CPU.Build.0 = Release|Any CPU
		{8DBBA160-18F0-4268-890F-6D1C26AA0746}.Debug|Any CPU.ActiveCfg = Debug|Any CPU
		{8DBBA160-18F0-4268-890F-6D1C26AA0746}.Debug|Any CPU.Build.0 = Debug|Any CPU
		{8DBBA160-18F0-4268-890F-6D1C26AA0746}.Release|Any CPU.ActiveCfg = Release|Any CPU
		{8DBBA160-18F0-4268-890F-6D1C26AA0746}.Release|Any CPU.Build.0 = Release|Any CPU
		{82EE9E10-E6CE-485F-A943-BA33E303035E}.Debug|Any CPU.ActiveCfg = Debug|Any CPU
		{82EE9E10-E6CE-485F-A943-BA33E303035E}.Debug|Any CPU.Build.0 = Debug|Any CPU
		{82EE9E10-E6CE-485F-A943-BA33E303035E}.Release|Any CPU.ActiveCfg = Release|Any CPU
		{82EE9E10-E6CE-485F-A943-BA33E303035E}.Release|Any CPU.Build.0 = Release|Any CPU
		{879FE3A1-6FF7-466D-91FA-4DB67AE5E66A}.Debug|Any CPU.ActiveCfg = Debug|Any CPU
		{879FE3A1-6FF7-466D-91FA-4DB67AE5E66A}.Debug|Any CPU.Build.0 = Debug|Any CPU
		{879FE3A1-6FF7-466D-91FA-4DB67AE5E66A}.Release|Any CPU.ActiveCfg = Release|Any CPU
		{879FE3A1-6FF7-466D-91FA-4DB67AE5E66A}.Release|Any CPU.Build.0 = Release|Any CPU
	EndGlobalSection
	GlobalSection(SolutionProperties) = preSolution
		HideSolutionNode = FALSE
	EndGlobalSection
	GlobalSection(NestedProjects) = preSolution
		{D7C8BBB3-0256-46CF-B778-5EB7E423229C} = {2BAE7732-F440-4B68-8AC3-9A6B6B4198F5}
		{43919C97-BCFD-4802-95D7-76435E066962} = {2BAE7732-F440-4B68-8AC3-9A6B6B4198F5}
		{0952B72D-9D69-4439-885F-096ED969E9E5} = {766C9667-99B8-4469-9FB6-2A15025B6E25}
		{2DE11DC0-1123-4A33-8D10-5665ADEACF06} = {766C9667-99B8-4469-9FB6-2A15025B6E25}
		{8EDF4429-251A-416D-BB68-93F227191BCF} = {FBBEBC56-CADC-4DE3-A75B-B373C1A7382F}
		{5D89911E-F70B-4C08-9659-119104318881} = {766C9667-99B8-4469-9FB6-2A15025B6E25}
		{5FBB8571-DE95-4AFF-BD35-BE3D579D9BE0} = {FBBEBC56-CADC-4DE3-A75B-B373C1A7382F}
		{3DE1EA18-A956-49C5-9D41-6FC5DB175A71} = {766C9667-99B8-4469-9FB6-2A15025B6E25}
		{766C9667-99B8-4469-9FB6-2A15025B6E25} = {ECC0AFD7-5709-4003-81DF-196F9BC3D158}
		{F3F97266-80F8-4C54-8CBC-1D72A5042E19} = {766C9667-99B8-4469-9FB6-2A15025B6E25}
		{C4F31EBB-4880-4E07-AAC0-8EC65C85F56B} = {FBBEBC56-CADC-4DE3-A75B-B373C1A7382F}
		{AB4D08D0-AE39-4992-96DA-FDD3676E806B} = {6706277F-4174-433D-B3F3-57E0C6E15402}
		{2509012F-990E-4261-8A97-659DF2217F1C} = {D70A7D36-32CB-4359-8210-D3F6DEC3D04A}
		{EA51413A-58E8-4903-AEA7-CD0BF79462F9} = {2509012F-990E-4261-8A97-659DF2217F1C}
		{D233A35D-37CF-48C1-BCFB-B7A90F82D826} = {D70A7D36-32CB-4359-8210-D3F6DEC3D04A}
		{91679D15-77CB-4F66-8145-7085303A105F} = {D233A35D-37CF-48C1-BCFB-B7A90F82D826}
		{DF3B43F1-D3EB-4C7C-8422-B6B343629CF6} = {13D7D1D3-733D-46E8-AFD1-D1BE3E0A1640}
		{1DA50E5B-0778-4E5D-8BF5-08AE4C645647} = {67B8EC37-9671-4762-B363-333E6ED87FFD}
		{BEBAE308-F02E-479E-90A0-6D88E2D3EFD9} = {67B8EC37-9671-4762-B363-333E6ED87FFD}
		{5562054B-F00C-4926-806A-55DFDDD14C98} = {67B8EC37-9671-4762-B363-333E6ED87FFD}
		{3CFAC4A9-56FE-4036-ADB2-122F61C564EB} = {67B8EC37-9671-4762-B363-333E6ED87FFD}
		{8DBBA160-18F0-4268-890F-6D1C26AA0746} = {67B8EC37-9671-4762-B363-333E6ED87FFD}
		{82EE9E10-E6CE-485F-A943-BA33E303035E} = {67B8EC37-9671-4762-B363-333E6ED87FFD}
		{879FE3A1-6FF7-466D-91FA-4DB67AE5E66A} = {67B8EC37-9671-4762-B363-333E6ED87FFD}
		{FBBEBC56-CADC-4DE3-A75B-B373C1A7382F} = {ECC0AFD7-5709-4003-81DF-196F9BC3D158}
	EndGlobalSection
	GlobalSection(ExtensibilityGlobals) = postSolution
		SolutionGuid = {135C931B-3FFA-4D0B-BBCB-011DD1C8C226}
	EndGlobalSection
	GlobalSection(MonoDevelopProperties) = preSolution
		Policies = $0
		$0.TextStylePolicy = $3
		$1.FileWidth = 120
		$1.EolMarker = Windows
		$1.inheritsSet = VisualStudio
		$1.inheritsScope = text/plain
		$1.scope = text/x-csharp
		$0.CSharpFormattingPolicy = $2
		$2.AfterDelegateDeclarationParameterComma = True
		$2.inheritsSet = Mono
		$2.inheritsScope = text/x-csharp
		$2.scope = text/x-csharp
		$3.inheritsSet = null
		$3.scope = application/x-sh
	EndGlobalSection
EndGlobal
