{
  "version": 1,
  "dependencies": {
    ".NETFramework,Version=v4.5": {
      "Microsoft.NET.Test.Sdk": {
        "type": "Direct",
        "requested": "[16.4.0, )",
        "resolved": "16.4.0",
        "contentHash": "gjjqS3rCzg4DrSQq4YwJwUUvc49HtXpXrZkW9fu5VG+K4X+Ztn4+UzolyML7wPnl/EAIufk4hu628bJB4WtpFg==",
        "dependencies": {
          "Microsoft.CodeCoverage": "16.4.0"
        }
      },
      "NUnit": {
        "type": "Direct",
        "requested": "[3.12.0, )",
        "resolved": "3.12.0",
        "contentHash": "3oJTrcUcT9wmweBUwgUf0f1XIYy6RZq2ziV+RM95HMKAJGsHPN2i3MKK1dAPvDPMRLz799Llj4eyu/STB9Q7OA=="
      },
      "NUnit3TestAdapter": {
        "type": "Direct",
        "requested": "[3.15.1, )",
        "resolved": "3.15.1",
        "contentHash": "gqy0llGjhJYq9ebFvtbmBcF/MY8z5kcTIxYs+eXwp2d4Ntha8pSPxUzryvBm7H46VbWI6FS5/XNbxwiQpe88vQ=="
      },
      "VDimensions.MSBuild.Sdk.Defaults": {
        "type": "Direct",
        "requested": "[0.2.*, )",
        "resolved": "0.2.24",
        "contentHash": "gsHvuNH9md1yYsMXBiU1uTOXz4vYDK6YaYCEavuvVRDtkZm++PhLQzW47g5wdwIPvCKPM3sx27MGRDR8JpMdHA=="
      },
      "VDimensions.MSBuild.Sdk.Multitargeting": {
        "type": "Direct",
        "requested": "[0.2.*, )",
        "resolved": "0.2.24",
        "contentHash": "1dkuUUHXY2dBwbis44OBspxdqdPqMF4ZncqjM1nkvnYdjilMRKznA7tfYlmrp/+rpHkIEyphffZ+VrJRQX5D0Q==",
        "dependencies": {
          "jnm2.ReferenceAssemblies.net35": "1.0.1"
        }
      },
      "jnm2.ReferenceAssemblies.net35": {
        "type": "Transitive",
        "resolved": "1.0.1",
        "contentHash": "v0inupvZNhNKp4ZiZjOm12dj/JLLOeFmtnXRP8qTWT/3SkJknXYgUosL2HRzYeVy7fXpX3WZq76BYEGrmIFc5w=="
      },
      "Microsoft.CodeCoverage": {
        "type": "Transitive",
        "resolved": "16.4.0",
        "contentHash": "qb7PMVZMAY5iUCvB/kDUEt9xqazWKZoKY/sGpAJO4VtwgN5IcEgipCu3n0i1GPCwGbWVL6k4a8a9F+FqmADJng=="
      },
      "System.Collections.Immutable": {
        "type": "Transitive",
        "resolved": "1.7.1",
        "contentHash": "B43Zsz5EfMwyEbnObwRxW5u85fzJma3lrDeGcSAV1qkhSRTNY5uXAByTn9h9ddNdhM+4/YoLc/CI43umjwIl9Q=="
      },
      "YamlDotNet": {
        "type": "Transitive",
        "resolved": "5.0.0",
        "contentHash": "KlRo7pZegyfNr2j2V27n3mDWKd6EoQkd3XBlBeF5RFwEkhyohmAF+ZHFKX1BVd6ixE97AsMoIkeQ1HqMCDDCSw=="
      },
      "axle.caching": {
        "type": "Project",
        "dependencies": {
          "Axle.Core": "1.10.2968.18959"
        }
      },
      "axle.core": {
        "type": "Project",
        "dependencies": {
          "System.Collections.Immutable": "1.7.0"
        }
      },
      "axle.resources": {
        "type": "Project",
        "dependencies": {
          "Axle.Caching": "1.10.2968.18959",
          "Axle.Core": "1.10.2968.18959",
          "Axle.Text.Documents": "1.10.2968.18959"
        }
      },
      "axle.resources.yaml": {
        "type": "Project",
        "dependencies": {
          "Axle.Resources": "1.10.2968.18959",
          "Axle.Text.Documents": "1.10.2968.18959",
          "Axle.Text.Documents.Yaml": "1.10.2968.18959"
        }
      },
      "axle.text.documents": {
        "type": "Project",
        "dependencies": {
          "Axle.Core": "1.10.2968.18959"
        }
      },
      "axle.text.documents.yaml": {
        "type": "Project",
        "dependencies": {
          "Axle.Core": "1.10.2968.18959",
          "Axle.Text.Documents": "1.10.2968.18959",
          "YamlDotNet": "5.0.0"
        }
      }
    }
  }
}